
Microsoft Visual Studio Solution File, Format Version 12.00
# Visual Studio Version 17
VisualStudioVersion = 17.13.35806.99
MinimumVisualStudioVersion = 10.0.40219.1
Project("{FAE04EC0-301F-11D3-BF4B-00C04F79EFBC}") = "ReservationApp", "ReservationApp.csproj", "{411FC2EA-3868-4BED-9F79-276FE7D58839}"
EndProject
Global
	GlobalSection(SolutionConfigurationPlatforms) = preSolution
		Debug|Any CPU = Debug|Any CPU
		Release|Any CPU = Release|Any CPU
	EndGlobalSection
	GlobalSection(ProjectConfigurationPlatforms) = postSolution
		{411FC2EA-3868-4BED-9F79-276FE7D58839}.Debug|Any CPU.ActiveCfg = Debug|Any CPU
		{411FC2EA-3868-4BED-9F79-276FE7D58839}.Debug|Any CPU.Build.0 = Debug|Any CPU
		{411FC2EA-3868-4BED-9F79-276FE7D58839}.Release|Any CPU.ActiveCfg = Release|Any CPU
		{411FC2EA-3868-4BED-9F79-276FE7D58839}.Release|Any CPU.Build.0 = Release|Any CPU
	EndGlobalSection
	GlobalSection(SolutionProperties) = preSolution
		HideSolutionNode = FALSE
	EndGlobalSection
	GlobalSection(ExtensibilityGlobals) = postSolution
		SolutionGuid = {DC97AC1C-2ECA-4167-AD44-7898ADDBFF52}
	EndGlobalSection
EndGlobal
